
Microsoft Visual Studio Solution File, Format Version 12.00
# Visual Studio Version 17
VisualStudioVersion = 17.11.35303.130
MinimumVisualStudioVersion = 10.0.40219.1
Project("{FAE04EC0-301F-11D3-BF4B-00C04F79EFBC}") = "TimeZone.PL", "TimeZone.PL\TimeZone.PL.csproj", "{E250DAEB-F0DD-4DF0-8C25-4FE1E431F885}"
EndProject
Project("{FAE04EC0-301F-11D3-BF4B-00C04F79EFBC}") = "TimeZone.DAL", "TimeZone.DAL\TimeZone.DAL.csproj", "{4B2B2C54-A72D-4B1E-A46E-F0ACF8CEA420}"
EndProject
Project("{FAE04EC0-301F-11D3-BF4B-00C04F79EFBC}") = "TimeZone.BLL", "TimeZone.BLL\TimeZone.BLL.csproj", "{1EB56324-48BC-4666-A581-7D582ADC95CC}"
EndProject
Global
	GlobalSection(SolutionConfigurationPlatforms) = preSolution
		Debug|Any CPU = Debug|Any CPU
		Release|Any CPU = Release|Any CPU
	EndGlobalSection
	GlobalSection(ProjectConfigurationPlatforms) = postSolution
		{E250DAEB-F0DD-4DF0-8C25-4FE1E431F885}.Debug|Any CPU.ActiveCfg = Debug|Any CPU
		{E250DAEB-F0DD-4DF0-8C25-4FE1E431F885}.Debug|Any CPU.Build.0 = Debug|Any CPU
		{E250DAEB-F0DD-4DF0-8C25-4FE1E431F885}.Release|Any CPU.ActiveCfg = Release|Any CPU
		{E250DAEB-F0DD-4DF0-8C25-4FE1E431F885}.Release|Any CPU.Build.0 = Release|Any CPU
		{4B2B2C54-A72D-4B1E-A46E-F0ACF8CEA420}.Debug|Any CPU.ActiveCfg = Debug|Any CPU
		{4B2B2C54-A72D-4B1E-A46E-F0ACF8CEA420}.Debug|Any CPU.Build.0 = Debug|Any CPU
		{4B2B2C54-A72D-4B1E-A46E-F0ACF8CEA420}.Release|Any CPU.ActiveCfg = Release|Any CPU
		{4B2B2C54-A72D-4B1E-A46E-F0ACF8CEA420}.Release|Any CPU.Build.0 = Release|Any CPU
		{1EB56324-48BC-4666-A581-7D582ADC95CC}.Debug|Any CPU.ActiveCfg = Debug|Any CPU
		{1EB56324-48BC-4666-A581-7D582ADC95CC}.Debug|Any CPU.Build.0 = Debug|Any CPU
		{1EB56324-48BC-4666-A581-7D582ADC95CC}.Release|Any CPU.ActiveCfg = Release|Any CPU
		{1EB56324-48BC-4666-A581-7D582ADC95CC}.Release|Any CPU.Build.0 = Release|Any CPU
	EndGlobalSection
	GlobalSection(SolutionProperties) = preSolution
		HideSolutionNode = FALSE
	EndGlobalSection
	GlobalSection(ExtensibilityGlobals) = postSolution
		SolutionGuid = {B9C6CD78-F0E4-4308-849A-9C004F76C3D0}
	EndGlobalSection
EndGlobal
